{
    "name": "job-tool-shared-types",
    "version": "1.0.3",
    "lockfileVersion": 3,
    "requires": true,
    "packages": {
        "": {
            "name": "job-tool-shared-types",
            "version": "1.0.3",
            "license": "ISC",
            "dependencies": {
                "job-tool-shared-types": "^1.0.3"
            },
            "devDependencies": {
                "typescript": "^5.7.3"
            }
        },
        "node_modules/job-tool-shared-types": {
            "version": "1.0.3",
            "resolved": "https://registry.npmjs.org/job-tool-shared-types/-/job-tool-shared-types-1.0.3.tgz",
            "integrity": "sha512-0xgpbqeVHsYmJwpxs/Lm2ahEsAuqFEU3NTcFrqE2tPzUw7tW9P8ixKkDJrlAsa3uyYF6/xyxmZq84sno9JbPRg==",
            "license": "ISC"
        },
        "node_modules/typescript": {
            "version": "5.7.3",
            "resolved": "https://registry.npmjs.org/typescript/-/typescript-5.7.3.tgz",
            "integrity": "sha512-84MVSjMEHP+FQRPy3pX9sTVV/INIex71s9TL2Gm5FG/WG1SqXeKyZ0k7/blY/4FdOzI12CBy1vGc4og/eus0fw==",
            "dev": true,
            "license": "Apache-2.0",
            "bin": {
                "tsc": "bin/tsc",
                "tsserver": "bin/tsserver"
            },
            "engines": {
                "node": ">=14.17"
            }
        }
    }
}
